<?xml version="1.0" encoding="utf-8"?>
<Project ToolsVersion="4.0" xmlns="http://schemas.microsoft.com/developer/msbuild/2003">
  <ItemGroup>
    <Filter Include="Service Classes">
      <UniqueIdentifier>{685b35f3-1cb6-4147-a81c-e56781fba185}</UniqueIdentifier>
    </Filter>
    <Filter Include="Service Classes\headers">
      <UniqueIdentifier>{2f5df0ae-52c5-469c-b272-d0dd88084a7b}</UniqueIdentifier>
    </Filter>
    <Filter Include="Service Classes\Camera Service">
      <UniqueIdentifier>{047227fa-4704-4148-9503-0f96fe913ebf}</UniqueIdentifier>
    </Filter>
    <Filter Include="Service Classes\Priortiser service">
      <UniqueIdentifier>{a3995dbc-22ab-47ea-a7a1-37e1784d7649}</UniqueIdentifier>
    </Filter>
    <Filter Include="Service Classes\Interface Controllers">
      <UniqueIdentifier>{f60b2f66-9ee2-4a65-99af-fb5721f9fe45}</UniqueIdentifier>
    </Filter>
    <Filter Include="ML Modules">
      <UniqueIdentifier>{19550373-ce29-4cc8-9173-e01ec91ffa53}</UniqueIdentifier>
    </Filter>
  </ItemGroup>
  <ItemGroup>
    <ClCompile Include="src\service_controller.cpp">
      <Filter>Service Classes</Filter>
    </ClCompile>
    <ClCompile Include="src\Intel Sight ++.cpp">
      <Filter>Service Classes</Filter>
    </ClCompile>
    <ClCompile Include="src\ml_impl_depth.cpp">
      <Filter>ML Modules</Filter>
    </ClCompile>
    <ClCompile Include="src\ml_impl_rgb.cpp">
      <Filter>ML Modules</Filter>
    </ClCompile>
    <ClCompile Include="src\output_interface_controller.cpp">
      <Filter>Service Classes\Interface Controllers</Filter>
    </ClCompile>
    <ClCompile Include="src\prioritiser.hpp">
      <Filter>Service Classes\Priortiser service</Filter>
    </ClCompile>
    <ClCompile Include="src\caffe_impl.cpp">
      <Filter>ML Modules</Filter>
    </ClCompile>
  </ItemGroup>
  <ItemGroup>
    <ClInclude Include="cv-helpers.hpp" />
    <ClInclude Include="src\ml_controller.hpp">
      <Filter>ML Modules</Filter>
    </ClInclude>
    <ClInclude Include="src\ml_interface.hpp">
      <Filter>ML Modules</Filter>
    </ClInclude>
    <ClInclude Include="src\classification_result.hpp">
      <Filter>ML Modules</Filter>
    </ClInclude>
  </ItemGroup>
  <ItemGroup>
    <None Include="no_bn.caffemodel" />
    <None Include="no_bn.prototxt" />
  </ItemGroup>
</Project>